
Microsoft Visual Studio Solution File, Format Version 12.00
# Visual Studio Version 17
VisualStudioVersion = 17.9.34616.47
MinimumVisualStudioVersion = 10.0.40219.1
Project("{9A19103F-16F7-4668-BE54-9A1E7A4F7556}") = "Harjoitus1", "Harjoitus1\Harjoitus1.csproj", "{F32EA698-A863-4658-9295-ABAF18997BA2}"
EndProject
Project("{9A19103F-16F7-4668-BE54-9A1E7A4F7556}") = "Harjoitus2", "Harjoitus2\Harjoitus2.csproj", "{EB542CC5-5363-492A-922F-CDC40625BAE6}"
EndProject
Project("{9A19103F-16F7-4668-BE54-9A1E7A4F7556}") = "Harjoitus3", "Harjoitus3\Harjoitus3.csproj", "{3E5615A3-2178-414D-9E93-EDEE178CA036}"
EndProject
Project("{9A19103F-16F7-4668-BE54-9A1E7A4F7556}") = "Harjoitus4", "Harjoitus4\Harjoitus4.csproj", "{904B57C5-F049-485C-93BA-F91388041BA1}"
EndProject
Project("{9A19103F-16F7-4668-BE54-9A1E7A4F7556}") = "Harjoitus5", "Harjoitus5\Harjoitus5.csproj", "{E4295D34-B4F0-4D7E-A1CC-0FC3C4A98E67}"
EndProject
Project("{9A19103F-16F7-4668-BE54-9A1E7A4F7556}") = "Harjoitus6", "Harjoitus6\Harjoitus6.csproj", "{AF825A5A-94E4-4DDD-91AC-774DEEA71788}"
EndProject
Project("{9A19103F-16F7-4668-BE54-9A1E7A4F7556}") = "Harjoitus7", "Harjoitus7\Harjoitus7.csproj", "{2B842131-31E2-45D6-B28E-7873220CC252}"
EndProject
Project("{9A19103F-16F7-4668-BE54-9A1E7A4F7556}") = "Harjoitus8", "Harjoitus8\Harjoitus8.csproj", "{3CACBE71-058E-4273-AAF2-F0D630DF7680}"
EndProject
Project("{9A19103F-16F7-4668-BE54-9A1E7A4F7556}") = "Harjoitus9", "Harjoitus9\Harjoitus9.csproj", "{865A6837-D8F1-43A7-8E39-3FF39F619203}"
EndProject
Project("{9A19103F-16F7-4668-BE54-9A1E7A4F7556}") = "Harjoitus10", "Harjoitus10\Harjoitus10.csproj", "{5B8123B2-74A7-4073-95AC-D50E029A885F}"
EndProject
Project("{9A19103F-16F7-4668-BE54-9A1E7A4F7556}") = "Harjoitus11", "Harjoitus11\Harjoitus11.csproj", "{E473C40A-6A05-4880-ADB1-F892135AC783}"
EndProject
Project("{9A19103F-16F7-4668-BE54-9A1E7A4F7556}") = "Harjoitus12", "Harjoitus12\Harjoitus12.csproj", "{0581A2FB-CF8B-46E3-AE1C-64675BF9F64E}"
EndProject
Project("{9A19103F-16F7-4668-BE54-9A1E7A4F7556}") = "Harjoitus13", "Harjoitus13\Harjoitus13.csproj", "{E6736014-A2C7-42CB-9218-4AF9BA3E64A7}"
EndProject
Project("{9A19103F-16F7-4668-BE54-9A1E7A4F7556}") = "Harjoitus14", "Harjoitus14\Harjoitus14.csproj", "{94FC0D8F-AF07-4D88-A867-5E77A214805C}"
EndProject
Project("{FAE04EC0-301F-11D3-BF4B-00C04F79EFBC}") = "Harjoitus15", "Harjoitus15\Harjoitus15.csproj", "{66461DB5-3580-4094-A935-F880064438A6}"
EndProject
Project("{FAE04EC0-301F-11D3-BF4B-00C04F79EFBC}") = "Harjoitus16", "Harjoitus16\Harjoitus16.csproj", "{141AA44C-540F-4DC5-A633-38037F1478A7}"
EndProject
Project("{FAE04EC0-301F-11D3-BF4B-00C04F79EFBC}") = "Harjoitus17", "Harjoitus17\Harjoitus17.csproj", "{77BCA7E6-2053-4784-9CCE-4DE3CF4FCE14}"
EndProject
Project("{9A19103F-16F7-4668-BE54-9A1E7A4F7556}") = "Harjoitus18", "Harjoitus18\Harjoitus18.csproj", "{039138D8-5DBE-404E-9C8E-5264B8484F73}"
EndProject
Project("{FAE04EC0-301F-11D3-BF4B-00C04F79EFBC}") = "Harjoitus19", "Harjoitus19\Harjoitus19.csproj", "{91A7A0E0-8C12-49D7-99CE-123B2179B7B2}"
EndProject
Global
	GlobalSection(SolutionConfigurationPlatforms) = preSolution
		Debug|Any CPU = Debug|Any CPU
		Release|Any CPU = Release|Any CPU
	EndGlobalSection
	GlobalSection(ProjectConfigurationPlatforms) = postSolution
		{F32EA698-A863-4658-9295-ABAF18997BA2}.Debug|Any CPU.ActiveCfg = Debug|Any CPU
		{F32EA698-A863-4658-9295-ABAF18997BA2}.Debug|Any CPU.Build.0 = Debug|Any CPU
		{F32EA698-A863-4658-9295-ABAF18997BA2}.Release|Any CPU.ActiveCfg = Release|Any CPU
		{F32EA698-A863-4658-9295-ABAF18997BA2}.Release|Any CPU.Build.0 = Release|Any CPU
		{EB542CC5-5363-492A-922F-CDC40625BAE6}.Debug|Any CPU.ActiveCfg = Debug|Any CPU
		{EB542CC5-5363-492A-922F-CDC40625BAE6}.Debug|Any CPU.Build.0 = Debug|Any CPU
		{EB542CC5-5363-492A-922F-CDC40625BAE6}.Release|Any CPU.ActiveCfg = Release|Any CPU
		{EB542CC5-5363-492A-922F-CDC40625BAE6}.Release|Any CPU.Build.0 = Release|Any CPU
		{3E5615A3-2178-414D-9E93-EDEE178CA036}.Debug|Any CPU.ActiveCfg = Debug|Any CPU
		{3E5615A3-2178-414D-9E93-EDEE178CA036}.Debug|Any CPU.Build.0 = Debug|Any CPU
		{3E5615A3-2178-414D-9E93-EDEE178CA036}.Release|Any CPU.ActiveCfg = Release|Any CPU
		{3E5615A3-2178-414D-9E93-EDEE178CA036}.Release|Any CPU.Build.0 = Release|Any CPU
		{904B57C5-F049-485C-93BA-F91388041BA1}.Debug|Any CPU.ActiveCfg = Debug|Any CPU
		{904B57C5-F049-485C-93BA-F91388041BA1}.Debug|Any CPU.Build.0 = Debug|Any CPU
		{904B57C5-F049-485C-93BA-F91388041BA1}.Release|Any CPU.ActiveCfg = Release|Any CPU
		{904B57C5-F049-485C-93BA-F91388041BA1}.Release|Any CPU.Build.0 = Release|Any CPU
		{E4295D34-B4F0-4D7E-A1CC-0FC3C4A98E67}.Debug|Any CPU.ActiveCfg = Debug|Any CPU
		{E4295D34-B4F0-4D7E-A1CC-0FC3C4A98E67}.Debug|Any CPU.Build.0 = Debug|Any CPU
		{E4295D34-B4F0-4D7E-A1CC-0FC3C4A98E67}.Release|Any CPU.ActiveCfg = Release|Any CPU
		{E4295D34-B4F0-4D7E-A1CC-0FC3C4A98E67}.Release|Any CPU.Build.0 = Release|Any CPU
		{AF825A5A-94E4-4DDD-91AC-774DEEA71788}.Debug|Any CPU.ActiveCfg = Debug|Any CPU
		{AF825A5A-94E4-4DDD-91AC-774DEEA71788}.Debug|Any CPU.Build.0 = Debug|Any CPU
		{AF825A5A-94E4-4DDD-91AC-774DEEA71788}.Release|Any CPU.ActiveCfg = Release|Any CPU
		{AF825A5A-94E4-4DDD-91AC-774DEEA71788}.Release|Any CPU.Build.0 = Release|Any CPU
		{2B842131-31E2-45D6-B28E-7873220CC252}.Debug|Any CPU.ActiveCfg = Debug|Any CPU
		{2B842131-31E2-45D6-B28E-7873220CC252}.Debug|Any CPU.Build.0 = Debug|Any CPU
		{2B842131-31E2-45D6-B28E-7873220CC252}.Release|Any CPU.ActiveCfg = Release|Any CPU
		{2B842131-31E2-45D6-B28E-7873220CC252}.Release|Any CPU.Build.0 = Release|Any CPU
		{3CACBE71-058E-4273-AAF2-F0D630DF7680}.Debug|Any CPU.ActiveCfg = Debug|Any CPU
		{3CACBE71-058E-4273-AAF2-F0D630DF7680}.Debug|Any CPU.Build.0 = Debug|Any CPU
		{3CACBE71-058E-4273-AAF2-F0D630DF7680}.Release|Any CPU.ActiveCfg = Release|Any CPU
		{3CACBE71-058E-4273-AAF2-F0D630DF7680}.Release|Any CPU.Build.0 = Release|Any CPU
		{865A6837-D8F1-43A7-8E39-3FF39F619203}.Debug|Any CPU.ActiveCfg = Debug|Any CPU
		{865A6837-D8F1-43A7-8E39-3FF39F619203}.Debug|Any CPU.Build.0 = Debug|Any CPU
		{865A6837-D8F1-43A7-8E39-3FF39F619203}.Release|Any CPU.ActiveCfg = Release|Any CPU
		{865A6837-D8F1-43A7-8E39-3FF39F619203}.Release|Any CPU.Build.0 = Release|Any CPU
		{5B8123B2-74A7-4073-95AC-D50E029A885F}.Debug|Any CPU.ActiveCfg = Debug|Any CPU
		{5B8123B2-74A7-4073-95AC-D50E029A885F}.Debug|Any CPU.Build.0 = Debug|Any CPU
		{5B8123B2-74A7-4073-95AC-D50E029A885F}.Release|Any CPU.ActiveCfg = Release|Any CPU
		{5B8123B2-74A7-4073-95AC-D50E029A885F}.Release|Any CPU.Build.0 = Release|Any CPU
		{E473C40A-6A05-4880-ADB1-F892135AC783}.Debug|Any CPU.ActiveCfg = Debug|Any CPU
		{E473C40A-6A05-4880-ADB1-F892135AC783}.Debug|Any CPU.Build.0 = Debug|Any CPU
		{E473C40A-6A05-4880-ADB1-F892135AC783}.Release|Any CPU.ActiveCfg = Release|Any CPU
		{E473C40A-6A05-4880-ADB1-F892135AC783}.Release|Any CPU.Build.0 = Release|Any CPU
		{0581A2FB-CF8B-46E3-AE1C-64675BF9F64E}.Debug|Any CPU.ActiveCfg = Debug|Any CPU
		{0581A2FB-CF8B-46E3-AE1C-64675BF9F64E}.Debug|Any CPU.Build.0 = Debug|Any CPU
		{0581A2FB-CF8B-46E3-AE1C-64675BF9F64E}.Release|Any CPU.ActiveCfg = Release|Any CPU
		{0581A2FB-CF8B-46E3-AE1C-64675BF9F64E}.Release|Any CPU.Build.0 = Release|Any CPU
		{E6736014-A2C7-42CB-9218-4AF9BA3E64A7}.Debug|Any CPU.ActiveCfg = Debug|Any CPU
		{E6736014-A2C7-42CB-9218-4AF9BA3E64A7}.Debug|Any CPU.Build.0 = Debug|Any CPU
		{E6736014-A2C7-42CB-9218-4AF9BA3E64A7}.Release|Any CPU.ActiveCfg = Release|Any CPU
		{E6736014-A2C7-42CB-9218-4AF9BA3E64A7}.Release|Any CPU.Build.0 = Release|Any CPU
		{94FC0D8F-AF07-4D88-A867-5E77A214805C}.Debug|Any CPU.ActiveCfg = Debug|Any CPU
		{94FC0D8F-AF07-4D88-A867-5E77A214805C}.Debug|Any CPU.Build.0 = Debug|Any CPU
		{94FC0D8F-AF07-4D88-A867-5E77A214805C}.Release|Any CPU.ActiveCfg = Release|Any CPU
		{94FC0D8F-AF07-4D88-A867-5E77A214805C}.Release|Any CPU.Build.0 = Release|Any CPU
		{66461DB5-3580-4094-A935-F880064438A6}.Debug|Any CPU.ActiveCfg = Debug|Any CPU
		{66461DB5-3580-4094-A935-F880064438A6}.Debug|Any CPU.Build.0 = Debug|Any CPU
		{66461DB5-3580-4094-A935-F880064438A6}.Release|Any CPU.ActiveCfg = Release|Any CPU
		{66461DB5-3580-4094-A935-F880064438A6}.Release|Any CPU.Build.0 = Release|Any CPU
		{141AA44C-540F-4DC5-A633-38037F1478A7}.Debug|Any CPU.ActiveCfg = Debug|Any CPU
		{141AA44C-540F-4DC5-A633-38037F1478A7}.Debug|Any CPU.Build.0 = Debug|Any CPU
		{141AA44C-540F-4DC5-A633-38037F1478A7}.Release|Any CPU.ActiveCfg = Release|Any CPU
		{141AA44C-540F-4DC5-A633-38037F1478A7}.Release|Any CPU.Build.0 = Release|Any CPU
		{77BCA7E6-2053-4784-9CCE-4DE3CF4FCE14}.Debug|Any CPU.ActiveCfg = Debug|Any CPU
		{77BCA7E6-2053-4784-9CCE-4DE3CF4FCE14}.Debug|Any CPU.Build.0 = Debug|Any CPU
		{77BCA7E6-2053-4784-9CCE-4DE3CF4FCE14}.Release|Any CPU.ActiveCfg = Release|Any CPU
		{77BCA7E6-2053-4784-9CCE-4DE3CF4FCE14}.Release|Any CPU.Build.0 = Release|Any CPU
		{039138D8-5DBE-404E-9C8E-5264B8484F73}.Debug|Any CPU.ActiveCfg = Debug|Any CPU
		{039138D8-5DBE-404E-9C8E-5264B8484F73}.Debug|Any CPU.Build.0 = Debug|Any CPU
		{039138D8-5DBE-404E-9C8E-5264B8484F73}.Release|Any CPU.ActiveCfg = Release|Any CPU
		{039138D8-5DBE-404E-9C8E-5264B8484F73}.Release|Any CPU.Build.0 = Release|Any CPU
		{91A7A0E0-8C12-49D7-99CE-123B2179B7B2}.Debug|Any CPU.ActiveCfg = Debug|Any CPU
		{91A7A0E0-8C12-49D7-99CE-123B2179B7B2}.Debug|Any CPU.Build.0 = Debug|Any CPU
		{91A7A0E0-8C12-49D7-99CE-123B2179B7B2}.Release|Any CPU.ActiveCfg = Release|Any CPU
		{91A7A0E0-8C12-49D7-99CE-123B2179B7B2}.Release|Any CPU.Build.0 = Release|Any CPU
	EndGlobalSection
	GlobalSection(SolutionProperties) = preSolution
		HideSolutionNode = FALSE
	EndGlobalSection
	GlobalSection(ExtensibilityGlobals) = postSolution
		SolutionGuid = {2DEBC6B4-4ED7-41E8-B59E-7825E81505F2}
	EndGlobalSection
EndGlobal
